
Microsoft Visual Studio Solution File, Format Version 12.00
# Visual Studio Version 17
VisualStudioVersion = 17.6.33712.159
MinimumVisualStudioVersion = 10.0.40219.1
Project("{FAE04EC0-301F-11D3-BF4B-00C04F79EFBC}") = "SaveImageFile", "SaveImageFile.csproj", "{E7E930E5-BF89-435A-8F5C-9D9918444F20}"
EndProject
Global
	GlobalSection(SolutionConfigurationPlatforms) = preSolution
		Debug|Any CPU = Debug|Any CPU
		Release|Any CPU = Release|Any CPU
	EndGlobalSection
	GlobalSection(ProjectConfigurationPlatforms) = postSolution
		{E7E930E5-BF89-435A-8F5C-9D9918444F20}.Debug|Any CPU.ActiveCfg = Debug|Any CPU
		{E7E930E5-BF89-435A-8F5C-9D9918444F20}.Debug|Any CPU.Build.0 = Debug|Any CPU
		{E7E930E5-BF89-435A-8F5C-9D9918444F20}.Release|Any CPU.ActiveCfg = Release|Any CPU
		{E7E930E5-BF89-435A-8F5C-9D9918444F20}.Release|Any CPU.Build.0 = Release|Any CPU
	EndGlobalSection
	GlobalSection(SolutionProperties) = preSolution
		HideSolutionNode = FALSE
	EndGlobalSection
	GlobalSection(ExtensibilityGlobals) = postSolution
		SolutionGuid = {934C7D83-30C9-450D-A76D-863A28A1B590}
	EndGlobalSection
EndGlobal
